
Microsoft Visual Studio Solution File, Format Version 12.00
Project("{FAE04EC0-301F-11D3-BF4B-00C04F79EFBC}") = "DuckovCustomSounds", "DuckovCustomSounds.csproj", "{12DCFD40-3A4E-4DB1-A7A4-35822F27C430}"
EndProject
Global
	GlobalSection(SolutionConfigurationPlatforms) = preSolution
		Debug|Any CPU = Debug|Any CPU
		Release|Any CPU = Release|Any CPU
	EndGlobalSection
	GlobalSection(ProjectConfigurationPlatforms) = postSolution
		{12DCFD40-3A4E-4DB1-A7A4-35822F27C430}.Debug|Any CPU.ActiveCfg = Debug|Any CPU
		{12DCFD40-3A4E-4DB1-A7A4-35822F27C430}.Debug|Any CPU.Build.0 = Debug|Any CPU
		{12DCFD40-3A4E-4DB1-A7A4-35822F27C430}.Release|Any CPU.ActiveCfg = Release|Any CPU
		{12DCFD40-3A4E-4DB1-A7A4-35822F27C430}.Release|Any CPU.Build.0 = Release|Any CPU
	EndGlobalSection
EndGlobal
